
Microsoft Visual Studio Solution File, Format Version 12.00
# Visual Studio Version 16
VisualStudioVersion = 16.0.32228.343
MinimumVisualStudioVersion = 10.0.40219.1
Project("{8BC9CEB8-8B4A-11D0-8D11-00A0C91BC942}") = "VectorAddition", "VectorAddition.vcxproj", "{0EF07C5C-F158-46F2-B7B0-5C54FEA35720}"
EndProject
Project("{8BC9CEB8-8B4A-11D0-8D11-00A0C91BC942}") = "zad", "..\zad\zad.vcxproj", "{5879B5E3-D1AC-453C-83D2-491089D12DA0}"
EndProject
Global
	GlobalSection(SolutionConfigurationPlatforms) = preSolution
		Debug|Win32 = Debug|Win32
		Debug|x64 = Debug|x64
		Release|Win32 = Release|Win32
		Release|x64 = Release|x64
	EndGlobalSection
	GlobalSection(ProjectConfigurationPlatforms) = postSolution
		{0EF07C5C-F158-46F2-B7B0-5C54FEA35720}.Debug|Win32.ActiveCfg = Debug|Win32
		{0EF07C5C-F158-46F2-B7B0-5C54FEA35720}.Debug|Win32.Build.0 = Debug|Win32
		{0EF07C5C-F158-46F2-B7B0-5C54FEA35720}.Debug|x64.ActiveCfg = Debug|x64
		{0EF07C5C-F158-46F2-B7B0-5C54FEA35720}.Debug|x64.Build.0 = Debug|x64
		{0EF07C5C-F158-46F2-B7B0-5C54FEA35720}.Release|Win32.ActiveCfg = Release|Win32
		{0EF07C5C-F158-46F2-B7B0-5C54FEA35720}.Release|Win32.Build.0 = Release|Win32
		{0EF07C5C-F158-46F2-B7B0-5C54FEA35720}.Release|x64.ActiveCfg = Release|x64
		{0EF07C5C-F158-46F2-B7B0-5C54FEA35720}.Release|x64.Build.0 = Release|x64
		{5879B5E3-D1AC-453C-83D2-491089D12DA0}.Debug|Win32.ActiveCfg = Debug|Win32
		{5879B5E3-D1AC-453C-83D2-491089D12DA0}.Debug|Win32.Build.0 = Debug|Win32
		{5879B5E3-D1AC-453C-83D2-491089D12DA0}.Debug|x64.ActiveCfg = Debug|x64
		{5879B5E3-D1AC-453C-83D2-491089D12DA0}.Debug|x64.Build.0 = Debug|x64
		{5879B5E3-D1AC-453C-83D2-491089D12DA0}.Release|Win32.ActiveCfg = Release|Win32
		{5879B5E3-D1AC-453C-83D2-491089D12DA0}.Release|Win32.Build.0 = Release|Win32
		{5879B5E3-D1AC-453C-83D2-491089D12DA0}.Release|x64.ActiveCfg = Release|x64
		{5879B5E3-D1AC-453C-83D2-491089D12DA0}.Release|x64.Build.0 = Release|x64
	EndGlobalSection
	GlobalSection(SolutionProperties) = preSolution
		HideSolutionNode = FALSE
	EndGlobalSection
	GlobalSection(ExtensibilityGlobals) = postSolution
		SolutionGuid = {A1755FDF-391D-40CE-A1E8-7CEC9A4D6C7E}
	EndGlobalSection
EndGlobal
