
Microsoft Visual Studio Solution File, Format Version 12.00
# Visual Studio Version 17
VisualStudioVersion = 17.0.31919.166
MinimumVisualStudioVersion = 10.0.40219.1
Project("{9A19103F-16F7-4668-BE54-9A1E7A4F7556}") = "Naming", "Naming\Naming.csproj", "{7DF2EA0E-0339-40F5-BAE4-3247A06F0D95}"
EndProject
Project("{9A19103F-16F7-4668-BE54-9A1E7A4F7556}") = "Methods", "Methods\Methods.csproj", "{E144C0C3-0656-4D01-9F4C-5CD765C449F8}"
EndProject
Project("{9A19103F-16F7-4668-BE54-9A1E7A4F7556}") = "Classes", "Classes\Classes.csproj", "{E81F1FE7-26A7-4F0B-89FE-0AEBBE1E47FE}"
EndProject
Global
	GlobalSection(SolutionConfigurationPlatforms) = preSolution
		Debug|Any CPU = Debug|Any CPU
		Release|Any CPU = Release|Any CPU
	EndGlobalSection
	GlobalSection(ProjectConfigurationPlatforms) = postSolution
		{7DF2EA0E-0339-40F5-BAE4-3247A06F0D95}.Debug|Any CPU.ActiveCfg = Debug|Any CPU
		{7DF2EA0E-0339-40F5-BAE4-3247A06F0D95}.Debug|Any CPU.Build.0 = Debug|Any CPU
		{7DF2EA0E-0339-40F5-BAE4-3247A06F0D95}.Release|Any CPU.ActiveCfg = Release|Any CPU
		{7DF2EA0E-0339-40F5-BAE4-3247A06F0D95}.Release|Any CPU.Build.0 = Release|Any CPU
		{E144C0C3-0656-4D01-9F4C-5CD765C449F8}.Debug|Any CPU.ActiveCfg = Debug|Any CPU
		{E144C0C3-0656-4D01-9F4C-5CD765C449F8}.Debug|Any CPU.Build.0 = Debug|Any CPU
		{E144C0C3-0656-4D01-9F4C-5CD765C449F8}.Release|Any CPU.ActiveCfg = Release|Any CPU
		{E144C0C3-0656-4D01-9F4C-5CD765C449F8}.Release|Any CPU.Build.0 = Release|Any CPU
		{E81F1FE7-26A7-4F0B-89FE-0AEBBE1E47FE}.Debug|Any CPU.ActiveCfg = Debug|Any CPU
		{E81F1FE7-26A7-4F0B-89FE-0AEBBE1E47FE}.Debug|Any CPU.Build.0 = Debug|Any CPU
		{E81F1FE7-26A7-4F0B-89FE-0AEBBE1E47FE}.Release|Any CPU.ActiveCfg = Release|Any CPU
		{E81F1FE7-26A7-4F0B-89FE-0AEBBE1E47FE}.Release|Any CPU.Build.0 = Release|Any CPU
	EndGlobalSection
	GlobalSection(SolutionProperties) = preSolution
		HideSolutionNode = FALSE
	EndGlobalSection
	GlobalSection(ExtensibilityGlobals) = postSolution
		SolutionGuid = {AF29558B-1089-41AB-AA34-316E1417641D}
	EndGlobalSection
EndGlobal
