
Microsoft Visual Studio Solution File, Format Version 12.00
# Visual Studio Version 16
VisualStudioVersion = 16.0.31019.35
MinimumVisualStudioVersion = 10.0.40219.1
Project("{8BC9CEB8-8B4A-11D0-8D11-00A0C91BC942}") = "Wave", "Wave.vcxproj", "{CDA87194-6A4E-4AC3-BAD7-68AC80B24E50}"
EndProject
Global
	GlobalSection(SolutionConfigurationPlatforms) = preSolution
		Debug|x64 = Debug|x64
		Debug|x86 = Debug|x86
		Release|x64 = Release|x64
		Release|x86 = Release|x86
	EndGlobalSection
	GlobalSection(ProjectConfigurationPlatforms) = postSolution
		{CDA87194-6A4E-4AC3-BAD7-68AC80B24E50}.Debug|x64.ActiveCfg = Debug|x64
		{CDA87194-6A4E-4AC3-BAD7-68AC80B24E50}.Debug|x64.Build.0 = Debug|x64
		{CDA87194-6A4E-4AC3-BAD7-68AC80B24E50}.Debug|x86.ActiveCfg = Debug|Win32
		{CDA87194-6A4E-4AC3-BAD7-68AC80B24E50}.Debug|x86.Build.0 = Debug|Win32
		{CDA87194-6A4E-4AC3-BAD7-68AC80B24E50}.Release|x64.ActiveCfg = Release|x64
		{CDA87194-6A4E-4AC3-BAD7-68AC80B24E50}.Release|x64.Build.0 = Release|x64
		{CDA87194-6A4E-4AC3-BAD7-68AC80B24E50}.Release|x86.ActiveCfg = Release|Win32
		{CDA87194-6A4E-4AC3-BAD7-68AC80B24E50}.Release|x86.Build.0 = Release|Win32
	EndGlobalSection
	GlobalSection(SolutionProperties) = preSolution
		HideSolutionNode = FALSE
	EndGlobalSection
	GlobalSection(ExtensibilityGlobals) = postSolution
		SolutionGuid = {7D2DE989-15F3-40BA-91B2-800CDE74E406}
	EndGlobalSection
EndGlobal
