
Microsoft Visual Studio Solution File, Format Version 12.00
# Visual Studio Version 16
VisualStudioVersion = 16.0.31727.386
MinimumVisualStudioVersion = 10.0.40219.1
Project("{8BC9CEB8-8B4A-11D0-8D11-00A0C91BC942}") = "ComplexNumbers", "ComplexNumbers\ComplexNumbers.vcxproj", "{F3B4C1E9-1BDD-4561-888B-EA22229B7ED6}"
EndProject
Project("{8BC9CEB8-8B4A-11D0-8D11-00A0C91BC942}") = "ComplexNumbersOverload", "ComplexNumbersOverload\ComplexNumbersOverload.vcxproj", "{3E7D5419-8FC1-4D81-9D9F-189CEE004B29}"
EndProject
Global
	GlobalSection(SolutionConfigurationPlatforms) = preSolution
		Debug|x64 = Debug|x64
		Debug|x86 = Debug|x86
		Release|x64 = Release|x64
		Release|x86 = Release|x86
	EndGlobalSection
	GlobalSection(ProjectConfigurationPlatforms) = postSolution
		{F3B4C1E9-1BDD-4561-888B-EA22229B7ED6}.Debug|x64.ActiveCfg = Debug|x64
		{F3B4C1E9-1BDD-4561-888B-EA22229B7ED6}.Debug|x64.Build.0 = Debug|x64
		{F3B4C1E9-1BDD-4561-888B-EA22229B7ED6}.Debug|x86.ActiveCfg = Debug|Win32
		{F3B4C1E9-1BDD-4561-888B-EA22229B7ED6}.Debug|x86.Build.0 = Debug|Win32
		{F3B4C1E9-1BDD-4561-888B-EA22229B7ED6}.Release|x64.ActiveCfg = Release|x64
		{F3B4C1E9-1BDD-4561-888B-EA22229B7ED6}.Release|x64.Build.0 = Release|x64
		{F3B4C1E9-1BDD-4561-888B-EA22229B7ED6}.Release|x86.ActiveCfg = Release|Win32
		{F3B4C1E9-1BDD-4561-888B-EA22229B7ED6}.Release|x86.Build.0 = Release|Win32
		{3E7D5419-8FC1-4D81-9D9F-189CEE004B29}.Debug|x64.ActiveCfg = Debug|x64
		{3E7D5419-8FC1-4D81-9D9F-189CEE004B29}.Debug|x64.Build.0 = Debug|x64
		{3E7D5419-8FC1-4D81-9D9F-189CEE004B29}.Debug|x86.ActiveCfg = Debug|Win32
		{3E7D5419-8FC1-4D81-9D9F-189CEE004B29}.Debug|x86.Build.0 = Debug|Win32
		{3E7D5419-8FC1-4D81-9D9F-189CEE004B29}.Release|x64.ActiveCfg = Release|x64
		{3E7D5419-8FC1-4D81-9D9F-189CEE004B29}.Release|x64.Build.0 = Release|x64
		{3E7D5419-8FC1-4D81-9D9F-189CEE004B29}.Release|x86.ActiveCfg = Release|Win32
		{3E7D5419-8FC1-4D81-9D9F-189CEE004B29}.Release|x86.Build.0 = Release|Win32
	EndGlobalSection
	GlobalSection(SolutionProperties) = preSolution
		HideSolutionNode = FALSE
	EndGlobalSection
	GlobalSection(ExtensibilityGlobals) = postSolution
		SolutionGuid = {EE6836C7-44D3-4FAB-90F2-3796AD711C12}
	EndGlobalSection
EndGlobal
